
Microsoft Visual Studio Solution File, Format Version 12.00
# Visual Studio Version 17
VisualStudioVersion = 17.7.34202.233
MinimumVisualStudioVersion = 10.0.40219.1
Project("{FAE04EC0-301F-11D3-BF4B-00C04F79EFBC}") = "PokemonApiRefit", "PokemonApiRefit.csproj", "{B1BB5C17-E0CB-4C0F-A792-6D5B673261F9}"
EndProject
Global
	GlobalSection(SolutionConfigurationPlatforms) = preSolution
		Debug|Any CPU = Debug|Any CPU
		Release|Any CPU = Release|Any CPU
	EndGlobalSection
	GlobalSection(ProjectConfigurationPlatforms) = postSolution
		{B1BB5C17-E0CB-4C0F-A792-6D5B673261F9}.Debug|Any CPU.ActiveCfg = Debug|Any CPU
		{B1BB5C17-E0CB-4C0F-A792-6D5B673261F9}.Debug|Any CPU.Build.0 = Debug|Any CPU
		{B1BB5C17-E0CB-4C0F-A792-6D5B673261F9}.Release|Any CPU.ActiveCfg = Release|Any CPU
		{B1BB5C17-E0CB-4C0F-A792-6D5B673261F9}.Release|Any CPU.Build.0 = Release|Any CPU
	EndGlobalSection
	GlobalSection(SolutionProperties) = preSolution
		HideSolutionNode = FALSE
	EndGlobalSection
	GlobalSection(ExtensibilityGlobals) = postSolution
		SolutionGuid = {FC59E5FE-750D-4170-8DAD-4EDE38CE775B}
	EndGlobalSection
EndGlobal
